// !$*UTF8*$!
{
	archiveVersion = 1;
	classes = {
	};
	objectVersion = 46;
	objects = {

/* Begin PBXBuildFile section */
		F52095E6193E98C300921FFD /* Foundation.framework in Frameworks */ = {isa = PBXBuildFile; fileRef = F52095E5193E98C300921FFD /* Foundation.framework */; };
		F52095E8193E98C300921FFD /* CoreGraphics.framework in Frameworks */ = {isa = PBXBuildFile; fileRef = F52095E7193E98C300921FFD /* CoreGraphics.framework */; };
		F52095EA193E98C300921FFD /* UIKit.framework in Frameworks */ = {isa = PBXBuildFile; fileRef = F52095E9193E98C300921FFD /* UIKit.framework */; };
		F52095F0193E98C300921FFD /* InfoPlist.strings in Resources */ = {isa = PBXBuildFile; fileRef = F52095EE193E98C300921FFD /* InfoPlist.strings */; };
		F52095F2193E98C300921FFD /* main.m in Sources */ = {isa = PBXBuildFile; fileRef = F52095F1193E98C300921FFD /* main.m */; };
		F52095F6193E98C300921FFD /* MSDAppDelegate.m in Sources */ = {isa = PBXBuildFile; fileRef = F52095F5193E98C300921FFD /* MSDAppDelegate.m */; };
		F52095F9193E98C300921FFD /* Main.storyboard in Resources */ = {isa = PBXBuildFile; fileRef = F52095F7193E98C300921FFD /* Main.storyboard */; };
		F52095FC193E98C300921FFD /* MSDViewController.m in Sources */ = {isa = PBXBuildFile; fileRef = F52095FB193E98C300921FFD /* MSDViewController.m */; };
		F52095FE193E98C300921FFD /* Images.xcassets in Resources */ = {isa = PBXBuildFile; fileRef = F52095FD193E98C300921FFD /* Images.xcassets */; };
		F5209605193E98C300921FFD /* XCTest.framework in Frameworks */ = {isa = PBXBuildFile; fileRef = F5209604193E98C300921FFD /* XCTest.framework */; };
		F5209606193E98C300921FFD /* Foundation.framework in Frameworks */ = {isa = PBXBuildFile; fileRef = F52095E5193E98C300921FFD /* Foundation.framework */; };
		F5209607193E98C300921FFD /* UIKit.framework in Frameworks */ = {isa = PBXBuildFile; fileRef = F52095E9193E98C300921FFD /* UIKit.framework */; };
		F520960F193E98C300921FFD /* InfoPlist.strings in Resources */ = {isa = PBXBuildFile; fileRef = F520960D193E98C300921FFD /* InfoPlist.strings */; };
		F5209611193E98C300921FFD /* iBeaconTestTests.m in Sources */ = {isa = PBXBuildFile; fileRef = F5209610193E98C300921FFD /* iBeaconTestTests.m */; };
		F520961B193E98D000921FFD /* CoreLocation.framework in Frameworks */ = {isa = PBXBuildFile; fileRef = F520961A193E98D000921FFD /* CoreLocation.framework */; };
/* End PBXBuildFile section */

/* Begin PBXContainerItemProxy section */
		F5209608193E98C300921FFD /* PBXContainerItemProxy */ = {
			isa = PBXContainerItemProxy;
			containerPortal = F52095DA193E98C300921FFD /* Project object */;
			proxyType = 1;
			remoteGlobalIDString = F52095E1193E98C300921FFD;
			remoteInfo = iBeaconTest;
		};
/* End PBXContainerItemProxy section */

/* Begin PBXFileReference section */
		F52095E2193E98C300921FFD /* iBeaconTest.app */ = {isa = PBXFileReference; explicitFileType = wrapper.application; includeInIndex = 0; path = iBeaconTest.app; sourceTree = BUILT_PRODUCTS_DIR; };
		F52095E5193E98C300921FFD /* Foundation.framework */ = {isa = PBXFileReference; lastKnownFileType = wrapper.framework; name = Foundation.framework; path = System/Library/Frameworks/Foundation.framework; sourceTree = SDKROOT; };
		F52095E7193E98C300921FFD /* CoreGraphics.framework */ = {isa = PBXFileReference; lastKnownFileType = wrapper.framework; name = CoreGraphics.framework; path = System/Library/Frameworks/CoreGraphics.framework; sourceTree = SDKROOT; };
		F52095E9193E98C300921FFD /* UIKit.framework */ = {isa = PBXFileReference; lastKnownFileType = wrapper.framework; name = UIKit.framework; path = System/Library/Frameworks/UIKit.framework; sourceTree = SDKROOT; };
		F52095ED193E98C300921FFD /* iBeaconTest-Info.plist */ = {isa = PBXFileReference; lastKnownFileType = text.plist.xml; path = "iBeaconTest-Info.plist"; sourceTree = "<group>"; };
		F52095EF193E98C300921FFD /* en */ = {isa = PBXFileReference; lastKnownFileType = text.plist.strings; name = en; path = en.lproj/InfoPlist.strings; sourceTree = "<group>"; };
		F52095F1193E98C300921FFD /* main.m */ = {isa = PBXFileReference; lastKnownFileType = sourcecode.c.objc; path = main.m; sourceTree = "<group>"; };
		F52095F3193E98C300921FFD /* iBeaconTest-Prefix.pch */ = {isa = PBXFileReference; lastKnownFileType = sourcecode.c.h; path = "iBeaconTest-Prefix.pch"; sourceTree = "<group>"; };
		F52095F4193E98C300921FFD /* MSDAppDelegate.h */ = {isa = PBXFileReference; lastKnownFileType = sourcecode.c.h; path = MSDAppDelegate.h; sourceTree = "<group>"; };
		F52095F5193E98C300921FFD /* MSDAppDelegate.m */ = {isa = PBXFileReference; lastKnownFileType = sourcecode.c.objc; path = MSDAppDelegate.m; sourceTree = "<group>"; };
		F52095F8193E98C300921FFD /* Base */ = {isa = PBXFileReference; lastKnownFileType = file.storyboard; name = Base; path = Base.lproj/Main.storyboard; sourceTree = "<group>"; };
		F52095FA193E98C300921FFD /* MSDViewController.h */ = {isa = PBXFileReference; lastKnownFileType = sourcecode.c.h; path = MSDViewController.h; sourceTree = "<group>"; };
		F52095FB193E98C300921FFD /* MSDViewController.m */ = {isa = PBXFileReference; lastKnownFileType = sourcecode.c.objc; path = MSDViewController.m; sourceTree = "<group>"; };
		F52095FD193E98C300921FFD /* Images.xcassets */ = {isa = PBXFileReference; lastKnownFileType = folder.assetcatalog; path = Images.xcassets; sourceTree = "<group>"; };
		F5209603193E98C300921FFD /* iBeaconTestTests.xctest */ = {isa = PBXFileReference; explicitFileType = wrapper.cfbundle; includeInIndex = 0; path = iBeaconTestTests.xctest; sourceTree = BUILT_PRODUCTS_DIR; };
		F5209604193E98C300921FFD /* XCTest.framework */ = {isa = PBXFileReference; lastKnownFileType = wrapper.framework; name = XCTest.framework; path = Library/Frameworks/XCTest.framework; sourceTree = DEVELOPER_DIR; };
		F520960C193E98C300921FFD /* iBeaconTestTests-Info.plist */ = {isa = PBXFileReference; lastKnownFileType = text.plist.xml; path = "iBeaconTestTests-Info.plist"; sourceTree = "<group>"; };
		F520960E193E98C300921FFD /* en */ = {isa = PBXFileReference; lastKnownFileType = text.plist.strings; name = en; path = en.lproj/InfoPlist.strings; sourceTree = "<group>"; };
		F5209610193E98C300921FFD /* iBeaconTestTests.m */ = {isa = PBXFileReference; lastKnownFileType = sourcecode.c.objc; path = iBeaconTestTests.m; sourceTree = "<group>"; };
		F520961A193E98D000921FFD /* CoreLocation.framework */ = {isa = PBXFileReference; lastKnownFileType = wrapper.framework; name = CoreLocation.framework; path = System/Library/Frameworks/CoreLocation.framework; sourceTree = SDKROOT; };
/* End PBXFileReference section */

/* Begin PBXFrameworksBuildPhase section */
		F52095DF193E98C300921FFD /* Frameworks */ = {
			isa = PBXFrameworksBuildPhase;
			buildActionMask = 2147483647;
			files = (
				F520961B193E98D000921FFD /* CoreLocation.framework in Frameworks */,
				F52095E8193E98C300921FFD /* CoreGraphics.framework in Frameworks */,
				F52095EA193E98C300921FFD /* UIKit.framework in Frameworks */,
				F52095E6193E98C300921FFD /* Foundation.framework in Frameworks */,
			);
			runOnlyForDeploymentPostprocessing = 0;
		};
		F5209600193E98C300921FFD /* Frameworks */ = {
			isa = PBXFrameworksBuildPhase;
			buildActionMask = 2147483647;
			files = (
				F5209605193E98C300921FFD /* XCTest.framework in Frameworks */,
				F5209607193E98C300921FFD /* UIKit.framework in Frameworks */,
				F5209606193E98C300921FFD /* Foundation.framework in Frameworks */,
			);
			runOnlyForDeploymentPostprocessing = 0;
		};
/* End PBXFrameworksBuildPhase section */

/* Begin PBXGroup section */
		F52095D9193E98C300921FFD = {
			isa = PBXGroup;
			children = (
				F52095EB193E98C300921FFD /* iBeaconTest */,
				F520960A193E98C300921FFD /* iBeaconTestTests */,
				F52095E4193E98C300921FFD /* Frameworks */,
				F52095E3193E98C300921FFD /* Products */,
			);
			sourceTree = "<group>";
		};
		F52095E3193E98C300921FFD /* Products */ = {
			isa = PBXGroup;
			children = (
				F52095E2193E98C300921FFD /* iBeaconTest.app */,
				F5209603193E98C300921FFD /* iBeaconTestTests.xctest */,
			);
			name = Products;
			sourceTree = "<group>";
		};
		F52095E4193E98C300921FFD /* Frameworks */ = {
			isa = PBXGroup;
			children = (
				F520961A193E98D000921FFD /* CoreLocation.framework */,
				F52095E5193E98C300921FFD /* Foundation.framework */,
				F52095E7193E98C300921FFD /* CoreGraphics.framework */,
				F52095E9193E98C300921FFD /* UIKit.framework */,
				F5209604193E98C300921FFD /* XCTest.framework */,
			);
			name = Frameworks;
			sourceTree = "<group>";
		};
		F52095EB193E98C300921FFD /* iBeaconTest */ = {
			isa = PBXGroup;
			children = (
				F52095F4193E98C300921FFD /* MSDAppDelegate.h */,
				F52095F5193E98C300921FFD /* MSDAppDelegate.m */,
				F52095F7193E98C300921FFD /* Main.storyboard */,
				F52095FA193E98C300921FFD /* MSDViewController.h */,
				F52095FB193E98C300921FFD /* MSDViewController.m */,
				F52095FD193E98C300921FFD /* Images.xcassets */,
				F52095EC193E98C300921FFD /* Supporting Files */,
			);
			path = iBeaconTest;
			sourceTree = "<group>";
		};
		F52095EC193E98C300921FFD /* Supporting Files */ = {
			isa = PBXGroup;
			children = (
				F52095ED193E98C300921FFD /* iBeaconTest-Info.plist */,
				F52095EE193E98C300921FFD /* InfoPlist.strings */,
				F52095F1193E98C300921FFD /* main.m */,
				F52095F3193E98C300921FFD /* iBeaconTest-Prefix.pch */,
			);
			name = "Supporting Files";
			sourceTree = "<group>";
		};
		F520960A193E98C300921FFD /* iBeaconTestTests */ = {
			isa = PBXGroup;
			children = (
				F5209610193E98C300921FFD /* iBeaconTestTests.m */,
				F520960B193E98C300921FFD /* Supporting Files */,
			);
			path = iBeaconTestTests;
			sourceTree = "<group>";
		};
		F520960B193E98C300921FFD /* Supporting Files */ = {
			isa = PBXGroup;
			children = (
				F520960C193E98C300921FFD /* iBeaconTestTests-Info.plist */,
				F520960D193E98C300921FFD /* InfoPlist.strings */,
			);
			name = "Supporting Files";
			sourceTree = "<group>";
		};
/* End PBXGroup section */

/* Begin PBXNativeTarget section */
		F52095E1193E98C300921FFD /* iBeaconTest */ = {
			isa = PBXNativeTarget;
			buildConfigurationList = F5209614193E98C300921FFD /* Build configuration list for PBXNativeTarget "iBeaconTest" */;
			buildPhases = (
				F52095DE193E98C300921FFD /* Sources */,
				F52095DF193E98C300921FFD /* Frameworks */,
				F52095E0193E98C300921FFD /* Resources */,
			);
			buildRules = (
			);
			dependencies = (
			);
			name = iBeaconTest;
			productName = iBeaconTest;
			productReference = F52095E2193E98C300921FFD /* iBeaconTest.app */;
			productType = "com.apple.product-type.application";
		};
		F5209602193E98C300921FFD /* iBeaconTestTests */ = {
			isa = PBXNativeTarget;
			buildConfigurationList = F5209617193E98C300921FFD /* Build configuration list for PBXNativeTarget "iBeaconTestTests" */;
			buildPhases = (
				F52095FF193E98C300921FFD /* Sources */,
				F5209600193E98C300921FFD /* Frameworks */,
				F5209601193E98C300921FFD /* Resources */,
			);
			buildRules = (
			);
			dependencies = (
				F5209609193E98C300921FFD /* PBXTargetDependency */,
			);
			name = iBeaconTestTests;
			productName = iBeaconTestTests;
			productReference = F5209603193E98C300921FFD /* iBeaconTestTests.xctest */;
			productType = "com.apple.product-type.bundle.unit-test";
		};
/* End PBXNativeTarget section */

/* Begin PBXProject section */
		F52095DA193E98C300921FFD /* Project object */ = {
			isa = PBXProject;
			attributes = {
				CLASSPREFIX = MSD;
				LastUpgradeCheck = 0510;
				ORGANIZATIONNAME = "Matthew Dobson";
				TargetAttributes = {
					F5209602193E98C300921FFD = {
						TestTargetID = F52095E1193E98C300921FFD;
					};
				};
			};
			buildConfigurationList = F52095DD193E98C300921FFD /* Build configuration list for PBXProject "iBeaconTest" */;
			compatibilityVersion = "Xcode 3.2";
			developmentRegion = English;
			hasScannedForEncodings = 0;
			knownRegions = (
				en,
				Base,
			);
			mainGroup = F52095D9193E98C300921FFD;
			productRefGroup = F52095E3193E98C300921FFD /* Products */;
			projectDirPath = "";
			projectRoot = "";
			targets = (
				F52095E1193E98C300921FFD /* iBeaconTest */,
				F5209602193E98C300921FFD /* iBeaconTestTests */,
			);
		};
/* End PBXProject section */

/* Begin PBXResourcesBuildPhase section */
		F52095E0193E98C300921FFD /* Resources */ = {
			isa = PBXResourcesBuildPhase;
			buildActionMask = 2147483647;
			files = (
				F52095FE193E98C300921FFD /* Images.xcassets in Resources */,
				F52095F0193E98C300921FFD /* InfoPlist.strings in Resources */,
				F52095F9193E98C300921FFD /* Main.storyboard in Resources */,
			);
			runOnlyForDeploymentPostprocessing = 0;
		};
		F5209601193E98C300921FFD /* Resources */ = {
			isa = PBXResourcesBuildPhase;
			buildActionMask = 2147483647;
			files = (
				F520960F193E98C300921FFD /* InfoPlist.strings in Resources */,
			);
			runOnlyForDeploymentPostprocessing = 0;
		};
/* End PBXResourcesBuildPhase section */

/* Begin PBXSourcesBuildPhase section */
		F52095DE193E98C300921FFD /* Sources */ = {
			isa = PBXSourcesBuildPhase;
			buildActionMask = 2147483647;
			files = (
				F52095F2193E98C300921FFD /* main.m in Sources */,
				F52095F6193E98C300921FFD /* MSDAppDelegate.m in Sources */,
				F52095FC193E98C300921FFD /* MSDViewController.m in Sources */,
			);
			runOnlyForDeploymentPostprocessing = 0;
		};
		F52095FF193E98C300921FFD /* Sources */ = {
			isa = PBXSourcesBuildPhase;
			buildActionMask = 2147483647;
			files = (
				F5209611193E98C300921FFD /* iBeaconTestTests.m in Sources */,
			);
			runOnlyForDeploymentPostprocessing = 0;
		};
/* End PBXSourcesBuildPhase section */

/* Begin PBXTargetDependency section */
		F5209609193E98C300921FFD /* PBXTargetDependency */ = {
			isa = PBXTargetDependency;
			target = F52095E1193E98C300921FFD /* iBeaconTest */;
			targetProxy = F5209608193E98C300921FFD /* PBXContainerItemProxy */;
		};
/* End PBXTargetDependency section */

/* Begin PBXVariantGroup section */
		F52095EE193E98C300921FFD /* InfoPlist.strings */ = {
			isa = PBXVariantGroup;
			children = (
				F52095EF193E98C300921FFD /* en */,
			);
			name = InfoPlist.strings;
			sourceTree = "<group>";
		};
		F52095F7193E98C300921FFD /* Main.storyboard */ = {
			isa = PBXVariantGroup;
			children = (
				F52095F8193E98C300921FFD /* Base */,
			);
			name = Main.storyboard;
			sourceTree = "<group>";
		};
		F520960D193E98C300921FFD /* InfoPlist.strings */ = {
			isa = PBXVariantGroup;
			children = (
				F520960E193E98C300921FFD /* en */,
			);
			name = InfoPlist.strings;
			sourceTree = "<group>";
		};
/* End PBXVariantGroup section */

/* Begin XCBuildConfiguration section */
		F5209612193E98C300921FFD /* Debug */ = {
			isa = XCBuildConfiguration;
			buildSettings = {
				ALWAYS_SEARCH_USER_PATHS = NO;
				CLANG_CXX_LANGUAGE_STANDARD = "gnu++0x";
				CLANG_CXX_LIBRARY = "libc++";
				CLANG_ENABLE_MODULES = YES;
				CLANG_ENABLE_OBJC_ARC = YES;
				CLANG_WARN_BOOL_CONVERSION = YES;
				CLANG_WARN_CONSTANT_CONVERSION = YES;
				CLANG_WARN_DIRECT_OBJC_ISA_USAGE = YES_ERROR;
				CLANG_WARN_EMPTY_BODY = YES;
				CLANG_WARN_ENUM_CONVERSION = YES;
				CLANG_WARN_INT_CONVERSION = YES;
				CLANG_WARN_OBJC_ROOT_CLASS = YES_ERROR;
				CLANG_WARN__DUPLICATE_METHOD_MATCH = YES;
				"CODE_SIGN_IDENTITY[sdk=iphoneos*]" = "iPhone Developer";
				COPY_PHASE_STRIP = NO;
				GCC_C_LANGUAGE_STANDARD = gnu99;
				GCC_DYNAMIC_NO_PIC = NO;
				GCC_OPTIMIZATION_LEVEL = 0;
				GCC_PREPROCESSOR_DEFINITIONS = (
					"DEBUG=1",
					"$(inherited)",
				);
				GCC_SYMBOLS_PRIVATE_EXTERN = NO;
				GCC_WARN_64_TO_32_BIT_CONVERSION = YES;
				GCC_WARN_ABOUT_RETURN_TYPE = YES_ERROR;
				GCC_WARN_UNDECLARED_SELECTOR = YES;
				GCC_WARN_UNINITIALIZED_AUTOS = YES_AGGRESSIVE;
				GCC_WARN_UNUSED_FUNCTION = YES;
				GCC_WARN_UNUSED_VARIABLE = YES;
				IPHONEOS_DEPLOYMENT_TARGET = 7.1;
				ONLY_ACTIVE_ARCH = YES;
				SDKROOT = iphoneos;
			};
			name = Debug;
		};
		F5209613193E98C300921FFD /* Release */ = {
			isa = XCBuildConfiguration;
			buildSettings = {
				ALWAYS_SEARCH_USER_PATHS = NO;
				CLANG_CXX_LANGUAGE_STANDARD = "gnu++0x";
				CLANG_CXX_LIBRARY = "libc++";
				CLANG_ENABLE_MODULES = YES;
				CLANG_ENABLE_OBJC_ARC = YES;
				CLANG_WARN_BOOL_CONVERSION = YES;
				CLANG_WARN_CONSTANT_CONVERSION = YES;
				CLANG_WARN_DIRECT_OBJC_ISA_USAGE = YES_ERROR;
				CLANG_WARN_EMPTY_BODY = YES;
				CLANG_WARN_ENUM_CONVERSION = YES;
				CLANG_WARN_INT_CONVERSION = YES;
				CLANG_WARN_OBJC_ROOT_CLASS = YES_ERROR;
				CLANG_WARN__DUPLICATE_METHOD_MATCH = YES;
				"CODE_SIGN_IDENTITY[sdk=iphoneos*]" = "iPhone Developer";
				COPY_PHASE_STRIP = YES;
				ENABLE_NS_ASSERTIONS = NO;
				GCC_C_LANGUAGE_STANDARD = gnu99;
				GCC_WARN_64_TO_32_BIT_CONVERSION = YES;
				GCC_WARN_ABOUT_RETURN_TYPE = YES_ERROR;
				GCC_WARN_UNDECLARED_SELECTOR = YES;
				GCC_WARN_UNINITIALIZED_AUTOS = YES_AGGRESSIVE;
				GCC_WARN_UNUSED_FUNCTION = YES;
				GCC_WARN_UNUSED_VARIABLE = YES;
				IPHONEOS_DEPLOYMENT_TARGET = 7.1;
				SDKROOT = iphoneos;
				VALIDATE_PRODUCT = YES;
			};
			name = Release;
		};
		F5209615193E98C300921FFD /* Debug */ = {
			isa = XCBuildConfiguration;
			buildSettings = {
				ASSETCATALOG_COMPILER_APPICON_NAME = AppIcon;
				ASSETCATALOG_COMPILER_LAUNCHIMAGE_NAME = LaunchImage;
				GCC_PRECOMPILE_PREFIX_HEADER = YES;
				GCC_PREFIX_HEADER = "iBeaconTest/iBeaconTest-Prefix.pch";
				INFOPLIST_FILE = "iBeaconTest/iBeaconTest-Info.plist";
				PRODUCT_NAME = "$(TARGET_NAME)";
				WRAPPER_EXTENSION = app;
			};
			name = Debug;
		};
		F5209616193E98C300921FFD /* Release */ = {
			isa = XCBuildConfiguration;
			buildSettings = {
				ASSETCATALOG_COMPILER_APPICON_NAME = AppIcon;
				ASSETCATALOG_COMPILER_LAUNCHIMAGE_NAME = LaunchImage;
				GCC_PRECOMPILE_PREFIX_HEADER = YES;
				GCC_PREFIX_HEADER = "iBeaconTest/iBeaconTest-Prefix.pch";
				INFOPLIST_FILE = "iBeaconTest/iBeaconTest-Info.plist";
				PRODUCT_NAME = "$(TARGET_NAME)";
				WRAPPER_EXTENSION = app;
			};
			name = Release;
		};
		F5209618193E98C300921FFD /* Debug */ = {
			isa = XCBuildConfiguration;
			buildSettings = {
				BUNDLE_LOADER = "$(BUILT_PRODUCTS_DIR)/iBeaconTest.app/iBeaconTest";
				FRAMEWORK_SEARCH_PATHS = (
					"$(SDKROOT)/Developer/Library/Frameworks",
					"$(inherited)",
					"$(DEVELOPER_FRAMEWORKS_DIR)",
				);
				GCC_PRECOMPILE_PREFIX_HEADER = YES;
				GCC_PREFIX_HEADER = "iBeaconTest/iBeaconTest-Prefix.pch";
				GCC_PREPROCESSOR_DEFINITIONS = (
					"DEBUG=1",
					"$(inherited)",
				);
				INFOPLIST_FILE = "iBeaconTestTests/iBeaconTestTests-Info.plist";
				PRODUCT_NAME = "$(TARGET_NAME)";
				TEST_HOST = "$(BUNDLE_LOADER)";
				WRAPPER_EXTENSION = xctest;
			};
			name = Debug;
		};
		F5209619193E98C300921FFD /* Release */ = {
			isa = XCBuildConfiguration;
			buildSettings = {
				BUNDLE_LOADER = "$(BUILT_PRODUCTS_DIR)/iBeaconTest.app/iBeaconTest";
				FRAMEWORK_SEARCH_PATHS = (
					"$(SDKROOT)/Developer/Library/Frameworks",
					"$(inherited)",
					"$(DEVELOPER_FRAMEWORKS_DIR)",
				);
				GCC_PRECOMPILE_PREFIX_HEADER = YES;
				GCC_PREFIX_HEADER = "iBeaconTest/iBeaconTest-Prefix.pch";
				INFOPLIST_FILE = "iBeaconTestTests/iBeaconTestTests-Info.plist";
				PRODUCT_NAME = "$(TARGET_NAME)";
				TEST_HOST = "$(BUNDLE_LOADER)";
				WRAPPER_EXTENSION = xctest;
			};
			name = Release;
		};
/* End XCBuildConfiguration section */

/* Begin XCConfigurationList section */
		F52095DD193E98C300921FFD /* Build configuration list for PBXProject "iBeaconTest" */ = {
			isa = XCConfigurationList;
			buildConfigurations = (
				F5209612193E98C300921FFD /* Debug */,
				F5209613193E98C300921FFD /* Release */,
			);
			defaultConfigurationIsVisible = 0;
			defaultConfigurationName = Release;
		};
		F5209614193E98C300921FFD /* Build configuration list for PBXNativeTarget "iBeaconTest" */ = {
			isa = XCConfigurationList;
			buildConfigurations = (
				F5209615193E98C300921FFD /* Debug */,
				F5209616193E98C300921FFD /* Release */,
			);
			defaultConfigurationIsVisible = 0;
		};
		F5209617193E98C300921FFD /* Build configuration list for PBXNativeTarget "iBeaconTestTests" */ = {
			isa = XCConfigurationList;
			buildConfigurations = (
				F5209618193E98C300921FFD /* Debug */,
				F5209619193E98C300921FFD /* Release */,
			);
			defaultConfigurationIsVisible = 0;
		};
/* End XCConfigurationList section */
	};
	rootObject = F52095DA193E98C300921FFD /* Project object */;
}
